
Microsoft Visual Studio Solution File, Format Version 12.00
# Visual Studio 15
VisualStudioVersion = 15.0.27428.2043
MinimumVisualStudioVersion = 10.0.40219.1
Project("{E24C65DC-7377-472B-9ABA-BC803B73C61A}") = "C-AdminLTE", ".", "{CF76C1B3-D248-4F2E-9096-F06BB83780A1}"
	ProjectSection(WebsiteProperties) = preProject
		TargetFrameworkMoniker = ".NETFramework,Version%3Dv4.6.1"
		Debug.AspNetCompiler.VirtualPath = "/localhost_50797"
		Debug.AspNetCompiler.PhysicalPath = "..\C-AdminLTE\"
		Debug.AspNetCompiler.TargetPath = "PrecompiledWeb\localhost_50797\"
		Debug.AspNetCompiler.Updateable = "true"
		Debug.AspNetCompiler.ForceOverwrite = "true"
		Debug.AspNetCompiler.FixedNames = "false"
		Debug.AspNetCompiler.Debug = "True"
		Release.AspNetCompiler.VirtualPath = "/localhost_50797"
		Release.AspNetCompiler.PhysicalPath = "..\C-AdminLTE\"
		Release.AspNetCompiler.TargetPath = "PrecompiledWeb\localhost_50797\"
		Release.AspNetCompiler.Updateable = "true"
		Release.AspNetCompiler.ForceOverwrite = "true"
		Release.AspNetCompiler.FixedNames = "false"
		Release.AspNetCompiler.Debug = "False"
		VWDPort = "50797"
		SlnRelativePath = "..\C-AdminLTE\"
	EndProjectSection
EndProject
Global
	GlobalSection(SolutionConfigurationPlatforms) = preSolution
		Debug|Any CPU = Debug|Any CPU
	EndGlobalSection
	GlobalSection(ProjectConfigurationPlatforms) = postSolution
		{CF76C1B3-D248-4F2E-9096-F06BB83780A1}.Debug|Any CPU.ActiveCfg = Debug|Any CPU
		{CF76C1B3-D248-4F2E-9096-F06BB83780A1}.Debug|Any CPU.Build.0 = Debug|Any CPU
	EndGlobalSection
	GlobalSection(SolutionProperties) = preSolution
		HideSolutionNode = FALSE
	EndGlobalSection
	GlobalSection(ExtensibilityGlobals) = postSolution
		SolutionGuid = {551C1FBC-C172-4CEC-96B0-0D9809E6A4EA}
	EndGlobalSection
EndGlobal
